
Microsoft Visual Studio Solution File, Format Version 12.00
Project("{FAE04EC0-301F-11D3-BF4B-00C04F79EFBC}") = "HashSetCSharp", "HashSetCSharp\HashSetCSharp.csproj", "{DA649B29-7DE7-495C-BF42-F93CE294784A}"
EndProject
Global
	GlobalSection(SolutionConfigurationPlatforms) = preSolution
		Debug|Any CPU = Debug|Any CPU
		Release|Any CPU = Release|Any CPU
	EndGlobalSection
	GlobalSection(ProjectConfigurationPlatforms) = postSolution
		{DA649B29-7DE7-495C-BF42-F93CE294784A}.Debug|Any CPU.ActiveCfg = Debug|Any CPU
		{DA649B29-7DE7-495C-BF42-F93CE294784A}.Debug|Any CPU.Build.0 = Debug|Any CPU
		{DA649B29-7DE7-495C-BF42-F93CE294784A}.Release|Any CPU.ActiveCfg = Release|Any CPU
		{DA649B29-7DE7-495C-BF42-F93CE294784A}.Release|Any CPU.Build.0 = Release|Any CPU
	EndGlobalSection
EndGlobal
